
Microsoft Visual Studio Solution File, Format Version 12.00
# Visual Studio Version 17
VisualStudioVersion = 17.12.35707.178
MinimumVisualStudioVersion = 10.0.40219.1
Project("{FAE04EC0-301F-11D3-BF4B-00C04F79EFBC}") = "password-validator", "password-validator.csproj", "{08495314-300D-42C2-A7FF-17A5819E5238}"
EndProject
Project("{FAE04EC0-301F-11D3-BF4B-00C04F79EFBC}") = "password-validator.Unit.Tests", "..\password-validator.Unit.Tests\password-validator.Unit.Tests.csproj", "{EF62313E-4AED-4C72-9EA1-D42E468F69FE}"
EndProject
Project("{FAE04EC0-301F-11D3-BF4B-00C04F79EFBC}") = "password-validator.Integration.Tests", "..\password-validator.Integration.Tests\password-validator.Integration.Tests.csproj", "{B95B2086-98A9-4541-A551-20E0CC8B6C15}"
EndProject
Global
	GlobalSection(SolutionConfigurationPlatforms) = preSolution
		Debug|Any CPU = Debug|Any CPU
		Release|Any CPU = Release|Any CPU
	EndGlobalSection
	GlobalSection(ProjectConfigurationPlatforms) = postSolution
		{08495314-300D-42C2-A7FF-17A5819E5238}.Debug|Any CPU.ActiveCfg = Debug|Any CPU
		{08495314-300D-42C2-A7FF-17A5819E5238}.Debug|Any CPU.Build.0 = Debug|Any CPU
		{08495314-300D-42C2-A7FF-17A5819E5238}.Release|Any CPU.ActiveCfg = Release|Any CPU
		{08495314-300D-42C2-A7FF-17A5819E5238}.Release|Any CPU.Build.0 = Release|Any CPU
		{EF62313E-4AED-4C72-9EA1-D42E468F69FE}.Debug|Any CPU.ActiveCfg = Debug|Any CPU
		{EF62313E-4AED-4C72-9EA1-D42E468F69FE}.Debug|Any CPU.Build.0 = Debug|Any CPU
		{EF62313E-4AED-4C72-9EA1-D42E468F69FE}.Release|Any CPU.ActiveCfg = Release|Any CPU
		{EF62313E-4AED-4C72-9EA1-D42E468F69FE}.Release|Any CPU.Build.0 = Release|Any CPU
		{B95B2086-98A9-4541-A551-20E0CC8B6C15}.Debug|Any CPU.ActiveCfg = Debug|Any CPU
		{B95B2086-98A9-4541-A551-20E0CC8B6C15}.Debug|Any CPU.Build.0 = Debug|Any CPU
		{B95B2086-98A9-4541-A551-20E0CC8B6C15}.Release|Any CPU.ActiveCfg = Release|Any CPU
		{B95B2086-98A9-4541-A551-20E0CC8B6C15}.Release|Any CPU.Build.0 = Release|Any CPU
	EndGlobalSection
	GlobalSection(SolutionProperties) = preSolution
		HideSolutionNode = FALSE
	EndGlobalSection
EndGlobal
